// !$*UTF8*$!
{
	archiveVersion = 1;
	classes = {
	};
	objectVersion = 77;
	objects = {

/* Begin PBXBuildFile section */
		85ADBDB92EA90D4200E3B1B5 /* IngredientTemplate+Validation.swift in Sources */ = {isa = PBXBuildFile; fileRef = 85ADBDB82EA90D3D00E3B1B5 /* IngredientTemplate+Validation.swift */; };
		85ADBDBB2EA90D6F00E3B1B5 /* IngredientTemplateValidationTests.swift in Sources */ = {isa = PBXBuildFile; fileRef = 85ADBDBA2EA90D6D00E3B1B5 /* IngredientTemplateValidationTests.swift */; };
		85ADBDBD2EA91E9200E3B1B5 /* Recipe+ComputedProperties.swift in Sources */ = {isa = PBXBuildFile; fileRef = 85ADBDBC2EA91E9000E3B1B5 /* Recipe+ComputedProperties.swift */; };
		85ADBDBF2EA91EB800E3B1B5 /* Ingredient+ComputedProperties.swift in Sources */ = {isa = PBXBuildFile; fileRef = 85ADBDBE2EA91EB600E3B1B5 /* Ingredient+ComputedProperties.swift */; };
		85ADBDC12EA91ED600E3B1B5 /* ComputedPropertiesTests.swift in Sources */ = {isa = PBXBuildFile; fileRef = 85ADBDC02EA91ED400E3B1B5 /* ComputedPropertiesTests.swift */; };
		85ADBDC82EA97DEE00E3B1B5 /* M3ValidationTests.swift in Sources */ = {isa = PBXBuildFile; fileRef = 85ADBDC72EA97DE600E3B1B5 /* M3ValidationTests.swift */; };
		9B0555442EDB665C00A57B34 /* Assets.xcassets in Resources */ = {isa = PBXBuildFile; fileRef = 9B0555202EDB665C00A57B34 /* Assets.xcassets */; };
		9B0555452EDB665C00A57B34 /* forager.xcdatamodeld in Sources */ = {isa = PBXBuildFile; fileRef = 9B05552E2EDB665C00A57B34 /* forager.xcdatamodeld */; };
		9B0555462EDB665C00A57B34 /* ManageCategoriesView.swift in Sources */ = {isa = PBXBuildFile; fileRef = 9B0555332EDB665C00A57B34 /* ManageCategoriesView.swift */; };
		9B0555472EDB665C00A57B34 /* AddStapleView.swift in Sources */ = {isa = PBXBuildFile; fileRef = 9B05551F2EDB665C00A57B34 /* AddStapleView.swift */; };
		9B0555482EDB665C00A57B34 /* RecipeListView.swift in Sources */ = {isa = PBXBuildFile; fileRef = 9B0555392EDB665C00A57B34 /* RecipeListView.swift */; };
		9B0555492EDB665C00A57B34 /* CategoryAssignmentModal.swift in Sources */ = {isa = PBXBuildFile; fileRef = 9B0555212EDB665C00A57B34 /* CategoryAssignmentModal.swift */; };
		9B05554A2EDB665C00A57B34 /* ConsolidationPreviewView.swift in Sources */ = {isa = PBXBuildFile; fileRef = 9B0555242EDB665C00A57B34 /* ConsolidationPreviewView.swift */; };
		9B05554B2EDB665C00A57B34 /* MealPlanDetailView.swift in Sources */ = {isa = PBXBuildFile; fileRef = 9B0555342EDB665C00A57B34 /* MealPlanDetailView.swift */; };
		9B05554C2EDB665C00A57B34 /* Color+Extensions.swift in Sources */ = {isa = PBXBuildFile; fileRef = 9B0555232EDB665C00A57B34 /* Color+Extensions.swift */; };
		9B05554D2EDB665C00A57B34 /* CategoryChangeModal.swift in Sources */ = {isa = PBXBuildFile; fileRef = 9B0555222EDB665C00A57B34 /* CategoryChangeModal.swift */; };
		9B05554E2EDB665C00A57B34 /* DataDebugView.swift in Sources */ = {isa = PBXBuildFile; fileRef = 9B0555272EDB665C00A57B34 /* DataDebugView.swift */; };
		9B05554F2EDB665C00A57B34 /* EditRecipeView.swift in Sources */ = {isa = PBXBuildFile; fileRef = 9B0555292EDB665C00A57B34 /* EditRecipeView.swift */; };
		9B0555502EDB665C00A57B34 /* SelectListSheet.swift in Sources */ = {isa = PBXBuildFile; fileRef = 9B05553C2EDB665C00A57B34 /* SelectListSheet.swift */; };
		9B0555512EDB665C00A57B34 /* EmptyMealPlanView.swift in Sources */ = {isa = PBXBuildFile; fileRef = 9B05552B2EDB665C00A57B34 /* EmptyMealPlanView.swift */; };
		9B0555522EDB665C00A57B34 /* StandardEmptyStateView.swift in Sources */ = {isa = PBXBuildFile; fileRef = 9B05553F2EDB665C00A57B34 /* StandardEmptyStateView.swift */; };
		9B0555532EDB665C00A57B34 /* foragerApp.swift in Sources */ = {isa = PBXBuildFile; fileRef = 9B05552F2EDB665C00A57B34 /* foragerApp.swift */; };
		9B0555542EDB665C00A57B34 /* CreateMealPlanSheet.swift in Sources */ = {isa = PBXBuildFile; fileRef = 9B0555252EDB665C00A57B34 /* CreateMealPlanSheet.swift */; };
		9B0555552EDB665C00A57B34 /* MealPlanRowView.swift in Sources */ = {isa = PBXBuildFile; fileRef = 9B0555362EDB665C00A57B34 /* MealPlanRowView.swift */; };
		9B0555562EDB665C00A57B34 /* CreateRecipeView.swift in Sources */ = {isa = PBXBuildFile; fileRef = 9B0555262EDB665C00A57B34 /* CreateRecipeView.swift */; };
		9B0555572EDB665C00A57B34 /* WeeklyListsView.swift in Sources */ = {isa = PBXBuildFile; fileRef = 9B0555402EDB665C00A57B34 /* WeeklyListsView.swift */; };
		9B0555582EDB665C00A57B34 /* Persistence.swift in Sources */ = {isa = PBXBuildFile; fileRef = 9B0555382EDB665C00A57B34 /* Persistence.swift */; };
		9B0555592EDB665C00A57B34 /* MigrationDebugView.swift in Sources */ = {isa = PBXBuildFile; fileRef = 9B0555372EDB665C00A57B34 /* MigrationDebugView.swift */; };
		9B05555A2EDB665C00A57B34 /* HelpView.swift in Sources */ = {isa = PBXBuildFile; fileRef = 9B0555302EDB665C00A57B34 /* HelpView.swift */; };
		9B05555B2EDB665C00A57B34 /* AddCategoryView.swift in Sources */ = {isa = PBXBuildFile; fileRef = 9B05551B2EDB665C00A57B34 /* AddCategoryView.swift */; };
		9B05555C2EDB665C00A57B34 /* SelectMealPlanSheet.swift in Sources */ = {isa = PBXBuildFile; fileRef = 9B05553D2EDB665C00A57B34 /* SelectMealPlanSheet.swift */; };
		9B05555D2EDB665C00A57B34 /* RecipeScalingView.swift in Sources */ = {isa = PBXBuildFile; fileRef = 9B05553B2EDB665C00A57B34 /* RecipeScalingView.swift */; };
		9B05555E2EDB665C00A57B34 /* SettingsView.swift in Sources */ = {isa = PBXBuildFile; fileRef = 9B05553E2EDB665C00A57B34 /* SettingsView.swift */; };
		9B05555F2EDB665C00A57B34 /* MealPlanListView.swift in Sources */ = {isa = PBXBuildFile; fileRef = 9B0555352EDB665C00A57B34 /* MealPlanListView.swift */; };
		9B0555602EDB665C00A57B34 /* RecipePIckerSheet.swift in Sources */ = {isa = PBXBuildFile; fileRef = 9B05553A2EDB665C00A57B34 /* RecipePIckerSheet.swift */; };
		9B0555612EDB665C00A57B34 /* AddIngredientView.swift in Sources */ = {isa = PBXBuildFile; fileRef = 9B05551D2EDB665C00A57B34 /* AddIngredientView.swift */; };
		9B0555622EDB665C00A57B34 /* DatePickerSheet.swift in Sources */ = {isa = PBXBuildFile; fileRef = 9B0555282EDB665C00A57B34 /* DatePickerSheet.swift */; };
		9B0555632EDB665C00A57B34 /* IngredientsView.swift in Sources */ = {isa = PBXBuildFile; fileRef = 9B0555322EDB665C00A57B34 /* IngredientsView.swift */; };
		9B0555642EDB665C00A57B34 /* GroceryListDetailView.swift in Sources */ = {isa = PBXBuildFile; fileRef = 9B05552C2EDB665C00A57B34 /* GroceryListDetailView.swift */; };
		9B0555652EDB665C00A57B34 /* EditStapleView.swift in Sources */ = {isa = PBXBuildFile; fileRef = 9B05552A2EDB665C00A57B34 /* EditStapleView.swift */; };
		9B0555662EDB665C00A57B34 /* AddIngredientsToListView.swift in Sources */ = {isa = PBXBuildFile; fileRef = 9B05551C2EDB665C00A57B34 /* AddIngredientsToListView.swift */; };
		9B0555672EDB665C00A57B34 /* AddListItemView.swift in Sources */ = {isa = PBXBuildFile; fileRef = 9B05551E2EDB665C00A57B34 /* AddListItemView.swift */; };
		9B05556A2EDB69CD00A57B34 /* GroceryRecipeManagerTests.swift in Sources */ = {isa = PBXBuildFile; fileRef = 9B0555682EDB69CD00A57B34 /* GroceryRecipeManagerTests.swift */; };
		9B0555732EDB6A0D00A57B34 /* GroceryRecipeManagerUITestsLaunchTests.swift in Sources */ = {isa = PBXBuildFile; fileRef = 9B0555712EDB6A0D00A57B34 /* GroceryRecipeManagerUITestsLaunchTests.swift */; };
		9B0555742EDB6A0D00A57B34 /* GroceryRecipeManagerUITests.swift in Sources */ = {isa = PBXBuildFile; fileRef = 9B0555702EDB6A0D00A57B34 /* GroceryRecipeManagerUITests.swift */; };
		9B1B39652EF4BA71001E1876 /* Category+Extensions.swift in Sources */ = {isa = PBXBuildFile; fileRef = 9B1B39642EF4BA71001E1876 /* Category+Extensions.swift */; };
		9B1B39672EF4DED6001E1876 /* IngredientTemplate+Extensions.swift in Sources */ = {isa = PBXBuildFile; fileRef = 9B1B39662EF4DED6001E1876 /* IngredientTemplate+Extensions.swift */; };
		9B1B39692EF4E005001E1876 /* PlannedMeal+Extensions.swift in Sources */ = {isa = PBXBuildFile; fileRef = 9B1B39682EF4E005001E1876 /* PlannedMeal+Extensions.swift */; };
		9B1B396B2EF4E0F4001E1876 /* Recipe+Extensions.swift in Sources */ = {isa = PBXBuildFile; fileRef = 9B1B396A2EF4E0F4001E1876 /* Recipe+Extensions.swift */; };
		9B31714D2E6E2AA80004CD70 /* Recipe+CoreDataClass.swift in Sources */ = {isa = PBXBuildFile; fileRef = 9B31714B2E6E2AA80004CD70 /* Recipe+CoreDataClass.swift */; };
		9B3DB86E2ECD52DE00395BD7 /* GroceryListItem+CoreDataProperties.swift in Sources */ = {isa = PBXBuildFile; fileRef = 9B3DB86D2ECD52DE00395BD7 /* GroceryListItem+CoreDataProperties.swift */; };
		9B731C7F2E5364A300CE26F0 /* WeeklyList+CoreDataProperties.swift in Sources */ = {isa = PBXBuildFile; fileRef = 9B731C7E2E5364A300CE26F0 /* WeeklyList+CoreDataProperties.swift */; };
		9B731C832E5364A300CE26F0 /* Ingredient+CoreDataProperties.swift in Sources */ = {isa = PBXBuildFile; fileRef = 9B731C782E5364A300CE26F0 /* Ingredient+CoreDataProperties.swift */; };
		9B731C842E5364A300CE26F0 /* GroceryListItem+CoreDataClass.swift in Sources */ = {isa = PBXBuildFile; fileRef = 9B731C752E5364A300CE26F0 /* GroceryListItem+CoreDataClass.swift */; };
		9B731C852E5364A300CE26F0 /* GroceryItem+CoreDataClass.swift in Sources */ = {isa = PBXBuildFile; fileRef = 9B731C732E5364A300CE26F0 /* GroceryItem+CoreDataClass.swift */; };
		9B731C862E5364A300CE26F0 /* Tag+CoreDataProperties.swift in Sources */ = {isa = PBXBuildFile; fileRef = 9B731C7C2E5364A300CE26F0 /* Tag+CoreDataProperties.swift */; };
		9B731C872E5364A300CE26F0 /* Ingredient+CoreDataClass.swift in Sources */ = {isa = PBXBuildFile; fileRef = 9B731C772E5364A300CE26F0 /* Ingredient+CoreDataClass.swift */; };
		9B731C882E5364A300CE26F0 /* Tag+CoreDataClass.swift in Sources */ = {isa = PBXBuildFile; fileRef = 9B731C7B2E5364A300CE26F0 /* Tag+CoreDataClass.swift */; };
		9B731C8A2E5364A300CE26F0 /* WeeklyList+CoreDataClass.swift in Sources */ = {isa = PBXBuildFile; fileRef = 9B731C7D2E5364A300CE26F0 /* WeeklyList+CoreDataClass.swift */; };
		9BC115A42EC6166E00A3DCA7 /* Recipe+CoreDataProperties.swift in Sources */ = {isa = PBXBuildFile; fileRef = 9BC115A32EC6166E00A3DCA7 /* Recipe+CoreDataProperties.swift */; };
		9BC115A52EC6166E00A3DCA7 /* GroceryItem+CoreDataProperties.swift in Sources */ = {isa = PBXBuildFile; fileRef = 9BC115A12EC6166E00A3DCA7 /* GroceryItem+CoreDataProperties.swift */; };
		9BC663462EE25D95006836A5 /* CloudKitSyncTestView.swift in Sources */ = {isa = PBXBuildFile; fileRef = 9BC663452EE25D92006836A5 /* CloudKitSyncTestView.swift */; };
		9BCE1C452EC612E4009B0109 /* GroceryListItem+ComputedProperties.swift in Sources */ = {isa = PBXBuildFile; fileRef = 9BCE1C442EC612DE009B0109 /* GroceryListItem+ComputedProperties.swift */; };
		9BF1F8CA2E566BCC00E79B3F /* Category+CoreDataClass.swift in Sources */ = {isa = PBXBuildFile; fileRef = 9BF1F8C92E566BC100E79B3F /* Category+CoreDataClass.swift */; };
		9BF1F8CC2E566BFF00E79B3F /* Category+CoreDataProperties.swift in Sources */ = {isa = PBXBuildFile; fileRef = 9BF1F8CB2E566BF200E79B3F /* Category+CoreDataProperties.swift */; };
/* End PBXBuildFile section */

/* Begin PBXContainerItemProxy section */
		9B731C3E2E535C3300CE26F0 /* PBXContainerItemProxy */ = {
			isa = PBXContainerItemProxy;
			containerPortal = 9B731C212E535C3100CE26F0 /* Project object */;
			proxyType = 1;
			remoteGlobalIDString = 9B731C282E535C3100CE26F0;
			remoteInfo = GroceryRecipeManager;
		};
		9B731C482E535C3300CE26F0 /* PBXContainerItemProxy */ = {
			isa = PBXContainerItemProxy;
			containerPortal = 9B731C212E535C3100CE26F0 /* Project object */;
			proxyType = 1;
			remoteGlobalIDString = 9B731C282E535C3100CE26F0;
			remoteInfo = GroceryRecipeManager;
		};
/* End PBXContainerItemProxy section */

/* Begin PBXFileReference section */
		85ADBDB82EA90D3D00E3B1B5 /* IngredientTemplate+Validation.swift */ = {isa = PBXFileReference; lastKnownFileType = sourcecode.swift; path = "IngredientTemplate+Validation.swift"; sourceTree = "<group>"; };
		85ADBDBA2EA90D6D00E3B1B5 /* IngredientTemplateValidationTests.swift */ = {isa = PBXFileReference; lastKnownFileType = sourcecode.swift; path = IngredientTemplateValidationTests.swift; sourceTree = "<group>"; };
		85ADBDBC2EA91E9000E3B1B5 /* Recipe+ComputedProperties.swift */ = {isa = PBXFileReference; lastKnownFileType = sourcecode.swift; path = "Recipe+ComputedProperties.swift"; sourceTree = "<group>"; };
		85ADBDBE2EA91EB600E3B1B5 /* Ingredient+ComputedProperties.swift */ = {isa = PBXFileReference; lastKnownFileType = sourcecode.swift; path = "Ingredient+ComputedProperties.swift"; sourceTree = "<group>"; };
		85ADBDC02EA91ED400E3B1B5 /* ComputedPropertiesTests.swift */ = {isa = PBXFileReference; lastKnownFileType = sourcecode.swift; path = ComputedPropertiesTests.swift; sourceTree = "<group>"; };
		85ADBDC72EA97DE600E3B1B5 /* M3ValidationTests.swift */ = {isa = PBXFileReference; lastKnownFileType = sourcecode.swift; path = M3ValidationTests.swift; sourceTree = "<group>"; };
		9B05551B2EDB665C00A57B34 /* AddCategoryView.swift */ = {isa = PBXFileReference; lastKnownFileType = sourcecode.swift; path = AddCategoryView.swift; sourceTree = "<group>"; };
		9B05551C2EDB665C00A57B34 /* AddIngredientsToListView.swift */ = {isa = PBXFileReference; lastKnownFileType = sourcecode.swift; path = AddIngredientsToListView.swift; sourceTree = "<group>"; };
		9B05551D2EDB665C00A57B34 /* AddIngredientView.swift */ = {isa = PBXFileReference; lastKnownFileType = sourcecode.swift; path = AddIngredientView.swift; sourceTree = "<group>"; };
		9B05551E2EDB665C00A57B34 /* AddListItemView.swift */ = {isa = PBXFileReference; lastKnownFileType = sourcecode.swift; path = AddListItemView.swift; sourceTree = "<group>"; };
		9B05551F2EDB665C00A57B34 /* AddStapleView.swift */ = {isa = PBXFileReference; lastKnownFileType = sourcecode.swift; path = AddStapleView.swift; sourceTree = "<group>"; };
		9B0555202EDB665C00A57B34 /* Assets.xcassets */ = {isa = PBXFileReference; lastKnownFileType = folder.assetcatalog; path = Assets.xcassets; sourceTree = "<group>"; };
		9B0555212EDB665C00A57B34 /* CategoryAssignmentModal.swift */ = {isa = PBXFileReference; lastKnownFileType = sourcecode.swift; path = CategoryAssignmentModal.swift; sourceTree = "<group>"; };
		9B0555222EDB665C00A57B34 /* CategoryChangeModal.swift */ = {isa = PBXFileReference; lastKnownFileType = sourcecode.swift; path = CategoryChangeModal.swift; sourceTree = "<group>"; };
		9B0555232EDB665C00A57B34 /* Color+Extensions.swift */ = {isa = PBXFileReference; lastKnownFileType = sourcecode.swift; path = "Color+Extensions.swift"; sourceTree = "<group>"; };
		9B0555242EDB665C00A57B34 /* ConsolidationPreviewView.swift */ = {isa = PBXFileReference; lastKnownFileType = sourcecode.swift; path = ConsolidationPreviewView.swift; sourceTree = "<group>"; };
		9B0555252EDB665C00A57B34 /* CreateMealPlanSheet.swift */ = {isa = PBXFileReference; lastKnownFileType = sourcecode.swift; path = CreateMealPlanSheet.swift; sourceTree = "<group>"; };
		9B0555262EDB665C00A57B34 /* CreateRecipeView.swift */ = {isa = PBXFileReference; lastKnownFileType = sourcecode.swift; path = CreateRecipeView.swift; sourceTree = "<group>"; };
		9B0555272EDB665C00A57B34 /* DataDebugView.swift */ = {isa = PBXFileReference; lastKnownFileType = sourcecode.swift; path = DataDebugView.swift; sourceTree = "<group>"; };
		9B0555282EDB665C00A57B34 /* DatePickerSheet.swift */ = {isa = PBXFileReference; lastKnownFileType = sourcecode.swift; path = DatePickerSheet.swift; sourceTree = "<group>"; };
		9B0555292EDB665C00A57B34 /* EditRecipeView.swift */ = {isa = PBXFileReference; lastKnownFileType = sourcecode.swift; path = EditRecipeView.swift; sourceTree = "<group>"; };
		9B05552A2EDB665C00A57B34 /* EditStapleView.swift */ = {isa = PBXFileReference; lastKnownFileType = sourcecode.swift; path = EditStapleView.swift; sourceTree = "<group>"; };
		9B05552B2EDB665C00A57B34 /* EmptyMealPlanView.swift */ = {isa = PBXFileReference; lastKnownFileType = sourcecode.swift; path = EmptyMealPlanView.swift; sourceTree = "<group>"; };
		9B05552C2EDB665C00A57B34 /* GroceryListDetailView.swift */ = {isa = PBXFileReference; lastKnownFileType = sourcecode.swift; path = GroceryListDetailView.swift; sourceTree = "<group>"; };
		9B05552D2EDB665C00A57B34 /* forager.entitlements */ = {isa = PBXFileReference; lastKnownFileType = text.plist.entitlements; path = forager.entitlements; sourceTree = "<group>"; };
		9B05552F2EDB665C00A57B34 /* foragerApp.swift */ = {isa = PBXFileReference; lastKnownFileType = sourcecode.swift; path = foragerApp.swift; sourceTree = "<group>"; };
		9B0555302EDB665C00A57B34 /* HelpView.swift */ = {isa = PBXFileReference; lastKnownFileType = sourcecode.swift; path = HelpView.swift; sourceTree = "<group>"; };
		9B0555312EDB665C00A57B34 /* Info.plist */ = {isa = PBXFileReference; lastKnownFileType = text.plist.xml; path = Info.plist; sourceTree = "<group>"; };
		9B0555322EDB665C00A57B34 /* IngredientsView.swift */ = {isa = PBXFileReference; lastKnownFileType = sourcecode.swift; path = IngredientsView.swift; sourceTree = "<group>"; };
		9B0555332EDB665C00A57B34 /* ManageCategoriesView.swift */ = {isa = PBXFileReference; lastKnownFileType = sourcecode.swift; path = ManageCategoriesView.swift; sourceTree = "<group>"; };
		9B0555342EDB665C00A57B34 /* MealPlanDetailView.swift */ = {isa = PBXFileReference; lastKnownFileType = sourcecode.swift; path = MealPlanDetailView.swift; sourceTree = "<group>"; };
		9B0555352EDB665C00A57B34 /* MealPlanListView.swift */ = {isa = PBXFileReference; lastKnownFileType = sourcecode.swift; path = MealPlanListView.swift; sourceTree = "<group>"; };
		9B0555362EDB665C00A57B34 /* MealPlanRowView.swift */ = {isa = PBXFileReference; lastKnownFileType = sourcecode.swift; path = MealPlanRowView.swift; sourceTree = "<group>"; };
		9B0555372EDB665C00A57B34 /* MigrationDebugView.swift */ = {isa = PBXFileReference; lastKnownFileType = sourcecode.swift; path = MigrationDebugView.swift; sourceTree = "<group>"; };
		9B0555382EDB665C00A57B34 /* Persistence.swift */ = {isa = PBXFileReference; lastKnownFileType = sourcecode.swift; path = Persistence.swift; sourceTree = "<group>"; };
		9B0555392EDB665C00A57B34 /* RecipeListView.swift */ = {isa = PBXFileReference; lastKnownFileType = sourcecode.swift; path = RecipeListView.swift; sourceTree = "<group>"; };
		9B05553A2EDB665C00A57B34 /* RecipePIckerSheet.swift */ = {isa = PBXFileReference; lastKnownFileType = sourcecode.swift; path = RecipePIckerSheet.swift; sourceTree = "<group>"; };
		9B05553B2EDB665C00A57B34 /* RecipeScalingView.swift */ = {isa = PBXFileReference; lastKnownFileType = sourcecode.swift; path = RecipeScalingView.swift; sourceTree = "<group>"; };
		9B05553C2EDB665C00A57B34 /* SelectListSheet.swift */ = {isa = PBXFileReference; lastKnownFileType = sourcecode.swift; path = SelectListSheet.swift; sourceTree = "<group>"; };
		9B05553D2EDB665C00A57B34 /* SelectMealPlanSheet.swift */ = {isa = PBXFileReference; lastKnownFileType = sourcecode.swift; path = SelectMealPlanSheet.swift; sourceTree = "<group>"; };
		9B05553E2EDB665C00A57B34 /* SettingsView.swift */ = {isa = PBXFileReference; lastKnownFileType = sourcecode.swift; path = SettingsView.swift; sourceTree = "<group>"; };
		9B05553F2EDB665C00A57B34 /* StandardEmptyStateView.swift */ = {isa = PBXFileReference; lastKnownFileType = sourcecode.swift; path = StandardEmptyStateView.swift; sourceTree = "<group>"; };
		9B0555402EDB665C00A57B34 /* WeeklyListsView.swift */ = {isa = PBXFileReference; lastKnownFileType = sourcecode.swift; path = WeeklyListsView.swift; sourceTree = "<group>"; };
		9B0555422EDB665C00A57B34 /* forager.xcdatamodel */ = {isa = PBXFileReference; lastKnownFileType = wrapper.xcdatamodel; path = forager.xcdatamodel; sourceTree = "<group>"; };
		9B0555682EDB69CD00A57B34 /* GroceryRecipeManagerTests.swift */ = {isa = PBXFileReference; lastKnownFileType = sourcecode.swift; path = GroceryRecipeManagerTests.swift; sourceTree = "<group>"; };
		9B0555702EDB6A0D00A57B34 /* GroceryRecipeManagerUITests.swift */ = {isa = PBXFileReference; lastKnownFileType = sourcecode.swift; path = GroceryRecipeManagerUITests.swift; sourceTree = "<group>"; };
		9B0555712EDB6A0D00A57B34 /* GroceryRecipeManagerUITestsLaunchTests.swift */ = {isa = PBXFileReference; lastKnownFileType = sourcecode.swift; path = GroceryRecipeManagerUITestsLaunchTests.swift; sourceTree = "<group>"; };
		9B1B39632EF2FFD8001E1876 /* forager 2.xcdatamodel */ = {isa = PBXFileReference; lastKnownFileType = wrapper.xcdatamodel; path = "forager 2.xcdatamodel"; sourceTree = "<group>"; };
		9B1B39642EF4BA71001E1876 /* Category+Extensions.swift */ = {isa = PBXFileReference; lastKnownFileType = sourcecode.swift; path = "Category+Extensions.swift"; sourceTree = "<group>"; };
		9B1B39662EF4DED6001E1876 /* IngredientTemplate+Extensions.swift */ = {isa = PBXFileReference; lastKnownFileType = sourcecode.swift; path = "IngredientTemplate+Extensions.swift"; sourceTree = "<group>"; };
		9B1B39682EF4E005001E1876 /* PlannedMeal+Extensions.swift */ = {isa = PBXFileReference; lastKnownFileType = sourcecode.swift; path = "PlannedMeal+Extensions.swift"; sourceTree = "<group>"; };
		9B1B396A2EF4E0F4001E1876 /* Recipe+Extensions.swift */ = {isa = PBXFileReference; lastKnownFileType = sourcecode.swift; path = "Recipe+Extensions.swift"; sourceTree = "<group>"; };
		9B31714B2E6E2AA80004CD70 /* Recipe+CoreDataClass.swift */ = {isa = PBXFileReference; lastKnownFileType = sourcecode.swift; path = "Recipe+CoreDataClass.swift"; sourceTree = "<group>"; };
		9B3DB86D2ECD52DE00395BD7 /* GroceryListItem+CoreDataProperties.swift */ = {isa = PBXFileReference; lastKnownFileType = sourcecode.swift; path = "GroceryListItem+CoreDataProperties.swift"; sourceTree = "<group>"; };
		9B731C292E535C3100CE26F0 /* forager.app */ = {isa = PBXFileReference; explicitFileType = wrapper.application; includeInIndex = 0; path = forager.app; sourceTree = BUILT_PRODUCTS_DIR; };
		9B731C3D2E535C3300CE26F0 /* foragerTests.xctest */ = {isa = PBXFileReference; explicitFileType = wrapper.cfbundle; includeInIndex = 0; path = foragerTests.xctest; sourceTree = BUILT_PRODUCTS_DIR; };
		9B731C472E535C3300CE26F0 /* foragerUITests.xctest */ = {isa = PBXFileReference; explicitFileType = wrapper.cfbundle; includeInIndex = 0; path = foragerUITests.xctest; sourceTree = BUILT_PRODUCTS_DIR; };
		9B731C732E5364A300CE26F0 /* GroceryItem+CoreDataClass.swift */ = {isa = PBXFileReference; lastKnownFileType = sourcecode.swift; path = "GroceryItem+CoreDataClass.swift"; sourceTree = "<group>"; };
		9B731C752E5364A300CE26F0 /* GroceryListItem+CoreDataClass.swift */ = {isa = PBXFileReference; lastKnownFileType = sourcecode.swift; path = "GroceryListItem+CoreDataClass.swift"; sourceTree = "<group>"; };
		9B731C772E5364A300CE26F0 /* Ingredient+CoreDataClass.swift */ = {isa = PBXFileReference; lastKnownFileType = sourcecode.swift; path = "Ingredient+CoreDataClass.swift"; sourceTree = "<group>"; };
		9B731C782E5364A300CE26F0 /* Ingredient+CoreDataProperties.swift */ = {isa = PBXFileReference; lastKnownFileType = sourcecode.swift; path = "Ingredient+CoreDataProperties.swift"; sourceTree = "<group>"; };
		9B731C7B2E5364A300CE26F0 /* Tag+CoreDataClass.swift */ = {isa = PBXFileReference; lastKnownFileType = sourcecode.swift; path = "Tag+CoreDataClass.swift"; sourceTree = "<group>"; };
		9B731C7C2E5364A300CE26F0 /* Tag+CoreDataProperties.swift */ = {isa = PBXFileReference; lastKnownFileType = sourcecode.swift; path = "Tag+CoreDataProperties.swift"; sourceTree = "<group>"; };
		9B731C7D2E5364A300CE26F0 /* WeeklyList+CoreDataClass.swift */ = {isa = PBXFileReference; lastKnownFileType = sourcecode.swift; path = "WeeklyList+CoreDataClass.swift"; sourceTree = "<group>"; };
		9B731C7E2E5364A300CE26F0 /* WeeklyList+CoreDataProperties.swift */ = {isa = PBXFileReference; lastKnownFileType = sourcecode.swift; path = "WeeklyList+CoreDataProperties.swift"; sourceTree = "<group>"; };
		9BC115A12EC6166E00A3DCA7 /* GroceryItem+CoreDataProperties.swift */ = {isa = PBXFileReference; lastKnownFileType = sourcecode.swift; path = "GroceryItem+CoreDataProperties.swift"; sourceTree = "<group>"; };
		9BC115A32EC6166E00A3DCA7 /* Recipe+CoreDataProperties.swift */ = {isa = PBXFileReference; lastKnownFileType = sourcecode.swift; path = "Recipe+CoreDataProperties.swift"; sourceTree = "<group>"; };
		9BC663452EE25D92006836A5 /* CloudKitSyncTestView.swift */ = {isa = PBXFileReference; lastKnownFileType = sourcecode.swift; path = CloudKitSyncTestView.swift; sourceTree = "<group>"; };
		9BCE1C442EC612DE009B0109 /* GroceryListItem+ComputedProperties.swift */ = {isa = PBXFileReference; lastKnownFileType = sourcecode.swift; path = "GroceryListItem+ComputedProperties.swift"; sourceTree = "<group>"; };
		9BF1F8C92E566BC100E79B3F /* Category+CoreDataClass.swift */ = {isa = PBXFileReference; lastKnownFileType = sourcecode.swift; path = "Category+CoreDataClass.swift"; sourceTree = "<group>"; };
		9BF1F8CB2E566BF200E79B3F /* Category+CoreDataProperties.swift */ = {isa = PBXFileReference; lastKnownFileType = sourcecode.swift; path = "Category+CoreDataProperties.swift"; sourceTree = "<group>"; };
/* End PBXFileReference section */

/* Begin PBXFileSystemSynchronizedRootGroup section */
		9BADD71F2E64E79A00D677DC /* Services */ = {
			isa = PBXFileSystemSynchronizedRootGroup;
			path = Services;
			sourceTree = "<group>";
		};
/* End PBXFileSystemSynchronizedRootGroup section */

/* Begin PBXFrameworksBuildPhase section */
		9B731C262E535C3100CE26F0 /* Frameworks */ = {
			isa = PBXFrameworksBuildPhase;
			buildActionMask = 2147483647;
			files = (
			);
			runOnlyForDeploymentPostprocessing = 0;
		};
		9B731C3A2E535C3300CE26F0 /* Frameworks */ = {
			isa = PBXFrameworksBuildPhase;
			buildActionMask = 2147483647;
			files = (
			);
			runOnlyForDeploymentPostprocessing = 0;
		};
		9B731C442E535C3300CE26F0 /* Frameworks */ = {
			isa = PBXFrameworksBuildPhase;
			buildActionMask = 2147483647;
			files = (
			);
			runOnlyForDeploymentPostprocessing = 0;
		};
/* End PBXFrameworksBuildPhase section */

/* Begin PBXGroup section */
		9B0555412EDB665C00A57B34 /* forager */ = {
			isa = PBXGroup;
			children = (
				9BC663452EE25D92006836A5 /* CloudKitSyncTestView.swift */,
				9B05551B2EDB665C00A57B34 /* AddCategoryView.swift */,
				9B05551C2EDB665C00A57B34 /* AddIngredientsToListView.swift */,
				9B05551D2EDB665C00A57B34 /* AddIngredientView.swift */,
				9B05551E2EDB665C00A57B34 /* AddListItemView.swift */,
				9B05551F2EDB665C00A57B34 /* AddStapleView.swift */,
				9B0555202EDB665C00A57B34 /* Assets.xcassets */,
				9B0555212EDB665C00A57B34 /* CategoryAssignmentModal.swift */,
				9B0555222EDB665C00A57B34 /* CategoryChangeModal.swift */,
				9B0555232EDB665C00A57B34 /* Color+Extensions.swift */,
				9B0555242EDB665C00A57B34 /* ConsolidationPreviewView.swift */,
				9B0555252EDB665C00A57B34 /* CreateMealPlanSheet.swift */,
				9B0555262EDB665C00A57B34 /* CreateRecipeView.swift */,
				9B0555272EDB665C00A57B34 /* DataDebugView.swift */,
				9B0555282EDB665C00A57B34 /* DatePickerSheet.swift */,
				9B0555292EDB665C00A57B34 /* EditRecipeView.swift */,
				9B05552A2EDB665C00A57B34 /* EditStapleView.swift */,
				9B05552B2EDB665C00A57B34 /* EmptyMealPlanView.swift */,
				9B05552C2EDB665C00A57B34 /* GroceryListDetailView.swift */,
				9B05552D2EDB665C00A57B34 /* forager.entitlements */,
				9B05552E2EDB665C00A57B34 /* forager.xcdatamodeld */,
				9B05552F2EDB665C00A57B34 /* foragerApp.swift */,
				9B0555302EDB665C00A57B34 /* HelpView.swift */,
				9B0555312EDB665C00A57B34 /* Info.plist */,
				9B0555322EDB665C00A57B34 /* IngredientsView.swift */,
				9B0555332EDB665C00A57B34 /* ManageCategoriesView.swift */,
				9B0555342EDB665C00A57B34 /* MealPlanDetailView.swift */,
				9B0555352EDB665C00A57B34 /* MealPlanListView.swift */,
				9B0555362EDB665C00A57B34 /* MealPlanRowView.swift */,
				9B0555372EDB665C00A57B34 /* MigrationDebugView.swift */,
				9B0555382EDB665C00A57B34 /* Persistence.swift */,
				9B0555392EDB665C00A57B34 /* RecipeListView.swift */,
				9B05553A2EDB665C00A57B34 /* RecipePIckerSheet.swift */,
				9B05553B2EDB665C00A57B34 /* RecipeScalingView.swift */,
				9B05553C2EDB665C00A57B34 /* SelectListSheet.swift */,
				9B05553D2EDB665C00A57B34 /* SelectMealPlanSheet.swift */,
				9B05553E2EDB665C00A57B34 /* SettingsView.swift */,
				9B05553F2EDB665C00A57B34 /* StandardEmptyStateView.swift */,
				9B0555402EDB665C00A57B34 /* WeeklyListsView.swift */,
			);
			path = forager;
			sourceTree = "<group>";
		};
		9B0555692EDB69CD00A57B34 /* foragerTests */ = {
			isa = PBXGroup;
			children = (
				9B0555682EDB69CD00A57B34 /* GroceryRecipeManagerTests.swift */,
			);
			path = foragerTests;
			sourceTree = "<group>";
		};
		9B0555722EDB6A0D00A57B34 /* foragerUITests */ = {
			isa = PBXGroup;
			children = (
				9B0555702EDB6A0D00A57B34 /* GroceryRecipeManagerUITests.swift */,
				9B0555712EDB6A0D00A57B34 /* GroceryRecipeManagerUITestsLaunchTests.swift */,
			);
			path = foragerUITests;
			sourceTree = "<group>";
		};
		9B731C202E535C3100CE26F0 = {
			isa = PBXGroup;
			children = (
				9BF1F8C92E566BC100E79B3F /* Category+CoreDataClass.swift */,
				9BF1F8CB2E566BF200E79B3F /* Category+CoreDataProperties.swift */,
				9B1B39642EF4BA71001E1876 /* Category+Extensions.swift */,
				85ADBDC02EA91ED400E3B1B5 /* ComputedPropertiesTests.swift */,
				9B0555412EDB665C00A57B34 /* forager */,
				9B0555692EDB69CD00A57B34 /* foragerTests */,
				9B0555722EDB6A0D00A57B34 /* foragerUITests */,
				9B731C732E5364A300CE26F0 /* GroceryItem+CoreDataClass.swift */,
				9BC115A12EC6166E00A3DCA7 /* GroceryItem+CoreDataProperties.swift */,
				9BCE1C442EC612DE009B0109 /* GroceryListItem+ComputedProperties.swift */,
				9B731C752E5364A300CE26F0 /* GroceryListItem+CoreDataClass.swift */,
				9B3DB86D2ECD52DE00395BD7 /* GroceryListItem+CoreDataProperties.swift */,
				85ADBDBE2EA91EB600E3B1B5 /* Ingredient+ComputedProperties.swift */,
				9B731C772E5364A300CE26F0 /* Ingredient+CoreDataClass.swift */,
				9B731C782E5364A300CE26F0 /* Ingredient+CoreDataProperties.swift */,
				9B1B39662EF4DED6001E1876 /* IngredientTemplate+Extensions.swift */,
				85ADBDB82EA90D3D00E3B1B5 /* IngredientTemplate+Validation.swift */,
				85ADBDBA2EA90D6D00E3B1B5 /* IngredientTemplateValidationTests.swift */,
				85ADBDC72EA97DE600E3B1B5 /* M3ValidationTests.swift */,
				9B1B39682EF4E005001E1876 /* PlannedMeal+Extensions.swift */,
				9B731C2A2E535C3100CE26F0 /* Products */,
				85ADBDBC2EA91E9000E3B1B5 /* Recipe+ComputedProperties.swift */,
				9B31714B2E6E2AA80004CD70 /* Recipe+CoreDataClass.swift */,
				9BC115A32EC6166E00A3DCA7 /* Recipe+CoreDataProperties.swift */,
				9B1B396A2EF4E0F4001E1876 /* Recipe+Extensions.swift */,
				9BADD71F2E64E79A00D677DC /* Services */,
				9B731C7B2E5364A300CE26F0 /* Tag+CoreDataClass.swift */,
				9B731C7C2E5364A300CE26F0 /* Tag+CoreDataProperties.swift */,
				9B731C7D2E5364A300CE26F0 /* WeeklyList+CoreDataClass.swift */,
				9B731C7E2E5364A300CE26F0 /* WeeklyList+CoreDataProperties.swift */,
			);
			sourceTree = "<group>";
		};
		9B731C2A2E535C3100CE26F0 /* Products */ = {
			isa = PBXGroup;
			children = (
				9B731C292E535C3100CE26F0 /* forager.app */,
				9B731C3D2E535C3300CE26F0 /* foragerTests.xctest */,
				9B731C472E535C3300CE26F0 /* foragerUITests.xctest */,
			);
			name = Products;
			sourceTree = "<group>";
		};
/* End PBXGroup section */

/* Begin PBXNativeTarget section */
		9B731C282E535C3100CE26F0 /* forager */ = {
			isa = PBXNativeTarget;
			buildConfigurationList = 9B731C502E535C3300CE26F0 /* Build configuration list for PBXNativeTarget "forager" */;
			buildPhases = (
				9B731C252E535C3100CE26F0 /* Sources */,
				9B731C262E535C3100CE26F0 /* Frameworks */,
				9B731C272E535C3100CE26F0 /* Resources */,
			);
			buildRules = (
			);
			dependencies = (
			);
			fileSystemSynchronizedGroups = (
				9BADD71F2E64E79A00D677DC /* Services */,
			);
			name = forager;
			packageProductDependencies = (
			);
			productName = GroceryRecipeManager;
			productReference = 9B731C292E535C3100CE26F0 /* forager.app */;
			productType = "com.apple.product-type.application";
		};
		9B731C3C2E535C3300CE26F0 /* foragerTests */ = {
			isa = PBXNativeTarget;
			buildConfigurationList = 9B731C552E535C3300CE26F0 /* Build configuration list for PBXNativeTarget "foragerTests" */;
			buildPhases = (
				9B731C392E535C3300CE26F0 /* Sources */,
				9B731C3A2E535C3300CE26F0 /* Frameworks */,
				9B731C3B2E535C3300CE26F0 /* Resources */,
			);
			buildRules = (
			);
			dependencies = (
				9B731C3F2E535C3300CE26F0 /* PBXTargetDependency */,
			);
			name = foragerTests;
			packageProductDependencies = (
			);
			productName = GroceryRecipeManagerTests;
			productReference = 9B731C3D2E535C3300CE26F0 /* foragerTests.xctest */;
			productType = "com.apple.product-type.bundle.unit-test";
		};
		9B731C462E535C3300CE26F0 /* foragerUITests */ = {
			isa = PBXNativeTarget;
			buildConfigurationList = 9B731C582E535C3300CE26F0 /* Build configuration list for PBXNativeTarget "foragerUITests" */;
			buildPhases = (
				9B731C432E535C3300CE26F0 /* Sources */,
				9B731C442E535C3300CE26F0 /* Frameworks */,
				9B731C452E535C3300CE26F0 /* Resources */,
			);
			buildRules = (
			);
			dependencies = (
				9B731C492E535C3300CE26F0 /* PBXTargetDependency */,
			);
			name = foragerUITests;
			packageProductDependencies = (
			);
			productName = GroceryRecipeManagerUITests;
			productReference = 9B731C472E535C3300CE26F0 /* foragerUITests.xctest */;
			productType = "com.apple.product-type.bundle.ui-testing";
		};
/* End PBXNativeTarget section */

/* Begin PBXProject section */
		9B731C212E535C3100CE26F0 /* Project object */ = {
			isa = PBXProject;
			attributes = {
				BuildIndependentTargetsInParallel = 1;
				LastSwiftUpdateCheck = 1640;
				LastUpgradeCheck = 2600;
				TargetAttributes = {
					9B731C282E535C3100CE26F0 = {
						CreatedOnToolsVersion = 16.4;
					};
					9B731C3C2E535C3300CE26F0 = {
						CreatedOnToolsVersion = 16.4;
						TestTargetID = 9B731C282E535C3100CE26F0;
					};
					9B731C462E535C3300CE26F0 = {
						CreatedOnToolsVersion = 16.4;
						TestTargetID = 9B731C282E535C3100CE26F0;
					};
				};
			};
			buildConfigurationList = 9B731C242E535C3100CE26F0 /* Build configuration list for PBXProject "forager" */;
			developmentRegion = en;
			hasScannedForEncodings = 0;
			knownRegions = (
				en,
				Base,
			);
			mainGroup = 9B731C202E535C3100CE26F0;
			minimizedProjectReferenceProxies = 1;
			preferredProjectObjectVersion = 77;
			productRefGroup = 9B731C2A2E535C3100CE26F0 /* Products */;
			projectDirPath = "";
			projectRoot = "";
			targets = (
				9B731C282E535C3100CE26F0 /* forager */,
				9B731C3C2E535C3300CE26F0 /* foragerTests */,
				9B731C462E535C3300CE26F0 /* foragerUITests */,
			);
		};
/* End PBXProject section */

/* Begin PBXResourcesBuildPhase section */
		9B731C272E535C3100CE26F0 /* Resources */ = {
			isa = PBXResourcesBuildPhase;
			buildActionMask = 2147483647;
			files = (
				9B0555442EDB665C00A57B34 /* Assets.xcassets in Resources */,
			);
			runOnlyForDeploymentPostprocessing = 0;
		};
		9B731C3B2E535C3300CE26F0 /* Resources */ = {
			isa = PBXResourcesBuildPhase;
			buildActionMask = 2147483647;
			files = (
			);
			runOnlyForDeploymentPostprocessing = 0;
		};
		9B731C452E535C3300CE26F0 /* Resources */ = {
			isa = PBXResourcesBuildPhase;
			buildActionMask = 2147483647;
			files = (
			);
			runOnlyForDeploymentPostprocessing = 0;
		};
/* End PBXResourcesBuildPhase section */

/* Begin PBXSourcesBuildPhase section */
		9B731C252E535C3100CE26F0 /* Sources */ = {
			isa = PBXSourcesBuildPhase;
			buildActionMask = 2147483647;
			files = (
				85ADBDC12EA91ED600E3B1B5 /* ComputedPropertiesTests.swift in Sources */,
				9B731C7F2E5364A300CE26F0 /* WeeklyList+CoreDataProperties.swift in Sources */,
				85ADBDBD2EA91E9200E3B1B5 /* Recipe+ComputedProperties.swift in Sources */,
				9BF1F8CC2E566BFF00E79B3F /* Category+CoreDataProperties.swift in Sources */,
				9B731C832E5364A300CE26F0 /* Ingredient+CoreDataProperties.swift in Sources */,
				85ADBDBB2EA90D6F00E3B1B5 /* IngredientTemplateValidationTests.swift in Sources */,
				9BCE1C452EC612E4009B0109 /* GroceryListItem+ComputedProperties.swift in Sources */,
				9B0555452EDB665C00A57B34 /* forager.xcdatamodeld in Sources */,
				9B0555462EDB665C00A57B34 /* ManageCategoriesView.swift in Sources */,
				9B0555472EDB665C00A57B34 /* AddStapleView.swift in Sources */,
				9B0555482EDB665C00A57B34 /* RecipeListView.swift in Sources */,
				9B1B39692EF4E005001E1876 /* PlannedMeal+Extensions.swift in Sources */,
				9B0555492EDB665C00A57B34 /* CategoryAssignmentModal.swift in Sources */,
				9B05554A2EDB665C00A57B34 /* ConsolidationPreviewView.swift in Sources */,
				9B05554B2EDB665C00A57B34 /* MealPlanDetailView.swift in Sources */,
				9B05554C2EDB665C00A57B34 /* Color+Extensions.swift in Sources */,
				9B1B39672EF4DED6001E1876 /* IngredientTemplate+Extensions.swift in Sources */,
				9B05554D2EDB665C00A57B34 /* CategoryChangeModal.swift in Sources */,
				9B05554E2EDB665C00A57B34 /* DataDebugView.swift in Sources */,
				9B05554F2EDB665C00A57B34 /* EditRecipeView.swift in Sources */,
				9B0555502EDB665C00A57B34 /* SelectListSheet.swift in Sources */,
				9B0555512EDB665C00A57B34 /* EmptyMealPlanView.swift in Sources */,
				9B0555522EDB665C00A57B34 /* StandardEmptyStateView.swift in Sources */,
				9B0555532EDB665C00A57B34 /* foragerApp.swift in Sources */,
				9B0555542EDB665C00A57B34 /* CreateMealPlanSheet.swift in Sources */,
				9B0555552EDB665C00A57B34 /* MealPlanRowView.swift in Sources */,
				9B0555562EDB665C00A57B34 /* CreateRecipeView.swift in Sources */,
				9B1B39652EF4BA71001E1876 /* Category+Extensions.swift in Sources */,
				9B0555572EDB665C00A57B34 /* WeeklyListsView.swift in Sources */,
				9B0555582EDB665C00A57B34 /* Persistence.swift in Sources */,
				9B0555592EDB665C00A57B34 /* MigrationDebugView.swift in Sources */,
				9B05555A2EDB665C00A57B34 /* HelpView.swift in Sources */,
				9B05555B2EDB665C00A57B34 /* AddCategoryView.swift in Sources */,
				9B05555C2EDB665C00A57B34 /* SelectMealPlanSheet.swift in Sources */,
				9B05555D2EDB665C00A57B34 /* RecipeScalingView.swift in Sources */,
				9B05555E2EDB665C00A57B34 /* SettingsView.swift in Sources */,
				9B05555F2EDB665C00A57B34 /* MealPlanListView.swift in Sources */,
				9B0555602EDB665C00A57B34 /* RecipePIckerSheet.swift in Sources */,
				9B0555612EDB665C00A57B34 /* AddIngredientView.swift in Sources */,
				9B0555622EDB665C00A57B34 /* DatePickerSheet.swift in Sources */,
				9B0555632EDB665C00A57B34 /* IngredientsView.swift in Sources */,
				9B0555642EDB665C00A57B34 /* GroceryListDetailView.swift in Sources */,
				9B0555652EDB665C00A57B34 /* EditStapleView.swift in Sources */,
				9B0555662EDB665C00A57B34 /* AddIngredientsToListView.swift in Sources */,
				9B0555672EDB665C00A57B34 /* AddListItemView.swift in Sources */,
				9B731C842E5364A300CE26F0 /* GroceryListItem+CoreDataClass.swift in Sources */,
				9BC115A42EC6166E00A3DCA7 /* Recipe+CoreDataProperties.swift in Sources */,
				9BC115A52EC6166E00A3DCA7 /* GroceryItem+CoreDataProperties.swift in Sources */,
				9B731C852E5364A300CE26F0 /* GroceryItem+CoreDataClass.swift in Sources */,
				9BF1F8CA2E566BCC00E79B3F /* Category+CoreDataClass.swift in Sources */,
				85ADBDBF2EA91EB800E3B1B5 /* Ingredient+ComputedProperties.swift in Sources */,
				85ADBDB92EA90D4200E3B1B5 /* IngredientTemplate+Validation.swift in Sources */,
				85ADBDC82EA97DEE00E3B1B5 /* M3ValidationTests.swift in Sources */,
				9B31714D2E6E2AA80004CD70 /* Recipe+CoreDataClass.swift in Sources */,
				9BC663462EE25D95006836A5 /* CloudKitSyncTestView.swift in Sources */,
				9B731C862E5364A300CE26F0 /* Tag+CoreDataProperties.swift in Sources */,
				9B731C872E5364A300CE26F0 /* Ingredient+CoreDataClass.swift in Sources */,
				9B3DB86E2ECD52DE00395BD7 /* GroceryListItem+CoreDataProperties.swift in Sources */,
				9B731C882E5364A300CE26F0 /* Tag+CoreDataClass.swift in Sources */,
				9B731C8A2E5364A300CE26F0 /* WeeklyList+CoreDataClass.swift in Sources */,
				9B1B396B2EF4E0F4001E1876 /* Recipe+Extensions.swift in Sources */,
			);
			runOnlyForDeploymentPostprocessing = 0;
		};
		9B731C392E535C3300CE26F0 /* Sources */ = {
			isa = PBXSourcesBuildPhase;
			buildActionMask = 2147483647;
			files = (
				9B05556A2EDB69CD00A57B34 /* GroceryRecipeManagerTests.swift in Sources */,
			);
			runOnlyForDeploymentPostprocessing = 0;
		};
		9B731C432E535C3300CE26F0 /* Sources */ = {
			isa = PBXSourcesBuildPhase;
			buildActionMask = 2147483647;
			files = (
				9B0555732EDB6A0D00A57B34 /* GroceryRecipeManagerUITestsLaunchTests.swift in Sources */,
				9B0555742EDB6A0D00A57B34 /* GroceryRecipeManagerUITests.swift in Sources */,
			);
			runOnlyForDeploymentPostprocessing = 0;
		};
/* End PBXSourcesBuildPhase section */

/* Begin PBXTargetDependency section */
		9B731C3F2E535C3300CE26F0 /* PBXTargetDependency */ = {
			isa = PBXTargetDependency;
			target = 9B731C282E535C3100CE26F0 /* forager */;
			targetProxy = 9B731C3E2E535C3300CE26F0 /* PBXContainerItemProxy */;
		};
		9B731C492E535C3300CE26F0 /* PBXTargetDependency */ = {
			isa = PBXTargetDependency;
			target = 9B731C282E535C3100CE26F0 /* forager */;
			targetProxy = 9B731C482E535C3300CE26F0 /* PBXContainerItemProxy */;
		};
/* End PBXTargetDependency section */

/* Begin XCBuildConfiguration section */
		9B731C512E535C3300CE26F0 /* Debug */ = {
			isa = XCBuildConfiguration;
			buildSettings = {
				ASSETCATALOG_COMPILER_APPICON_NAME = AppIcon;
				ASSETCATALOG_COMPILER_GLOBAL_ACCENT_COLOR_NAME = AccentColor;
				CODE_SIGN_ENTITLEMENTS = forager/forager.entitlements;
				CODE_SIGN_IDENTITY = "Apple Development";
				CODE_SIGN_STYLE = Automatic;
				CURRENT_PROJECT_VERSION = 1;
				DEVELOPMENT_TEAM = 93FT2PT9NM;
				ENABLE_APP_SANDBOX = YES;
				ENABLE_PREVIEWS = YES;
				ENABLE_USER_SELECTED_FILES = readonly;
				GENERATE_INFOPLIST_FILE = YES;
				INFOPLIST_FILE = forager/Info.plist;
				INFOPLIST_KEY_CFBundleDisplayName = forager;
				INFOPLIST_KEY_LSApplicationCategoryType = "public.app-category.healthcare-fitness";
				INFOPLIST_KEY_UIApplicationSceneManifest_Generation = YES;
				INFOPLIST_KEY_UIApplicationSupportsIndirectInputEvents = YES;
				INFOPLIST_KEY_UILaunchScreen_Generation = YES;
				INFOPLIST_KEY_UISupportedInterfaceOrientations_iPad = "UIInterfaceOrientationPortrait UIInterfaceOrientationPortraitUpsideDown UIInterfaceOrientationLandscapeLeft UIInterfaceOrientationLandscapeRight";
				INFOPLIST_KEY_UISupportedInterfaceOrientations_iPhone = "UIInterfaceOrientationPortrait UIInterfaceOrientationLandscapeLeft UIInterfaceOrientationLandscapeRight";
				LD_RUNPATH_SEARCH_PATHS = (
					"$(inherited)",
					"@executable_path/Frameworks",
				);
				MARKETING_VERSION = 1.0;
				PRODUCT_BUNDLE_IDENTIFIER = com.richhayn.forager;
				PRODUCT_NAME = "$(TARGET_NAME)";
				PROVISIONING_PROFILE_SPECIFIER = "";
				SWIFT_EMIT_LOC_STRINGS = YES;
				SWIFT_VERSION = 5.0;
				TARGETED_DEVICE_FAMILY = "1,2";
			};
			name = Debug;
		};
		9B731C522E535C3300CE26F0 /* Release */ = {
			isa = XCBuildConfiguration;
			buildSettings = {
				ASSETCATALOG_COMPILER_APPICON_NAME = AppIcon;
				ASSETCATALOG_COMPILER_GLOBAL_ACCENT_COLOR_NAME = AccentColor;
				CODE_SIGN_ENTITLEMENTS = forager/forager.entitlements;
				CODE_SIGN_IDENTITY = "Apple Development";
				CODE_SIGN_STYLE = Automatic;
				CURRENT_PROJECT_VERSION = 1;
				DEVELOPMENT_TEAM = 93FT2PT9NM;
				ENABLE_APP_SANDBOX = YES;
				ENABLE_PREVIEWS = YES;
				ENABLE_USER_SELECTED_FILES = readonly;
				GENERATE_INFOPLIST_FILE = YES;
				INFOPLIST_FILE = forager/Info.plist;
				INFOPLIST_KEY_CFBundleDisplayName = forager;
				INFOPLIST_KEY_LSApplicationCategoryType = "public.app-category.healthcare-fitness";
				INFOPLIST_KEY_UIApplicationSceneManifest_Generation = YES;
				INFOPLIST_KEY_UIApplicationSupportsIndirectInputEvents = YES;
				INFOPLIST_KEY_UILaunchScreen_Generation = YES;
				INFOPLIST_KEY_UISupportedInterfaceOrientations_iPad = "UIInterfaceOrientationPortrait UIInterfaceOrientationPortraitUpsideDown UIInterfaceOrientationLandscapeLeft UIInterfaceOrientationLandscapeRight";
				INFOPLIST_KEY_UISupportedInterfaceOrientations_iPhone = "UIInterfaceOrientationPortrait UIInterfaceOrientationLandscapeLeft UIInterfaceOrientationLandscapeRight";
				LD_RUNPATH_SEARCH_PATHS = (
					"$(inherited)",
					"@executable_path/Frameworks",
				);
				MARKETING_VERSION = 1.0;
				PRODUCT_BUNDLE_IDENTIFIER = com.richhayn.forager;
				PRODUCT_NAME = "$(TARGET_NAME)";
				PROVISIONING_PROFILE_SPECIFIER = "";
				SWIFT_EMIT_LOC_STRINGS = YES;
				SWIFT_VERSION = 5.0;
				TARGETED_DEVICE_FAMILY = "1,2";
			};
			name = Release;
		};
		9B731C532E535C3300CE26F0 /* Debug */ = {
			isa = XCBuildConfiguration;
			buildSettings = {
				ALWAYS_SEARCH_USER_PATHS = NO;
				ASSETCATALOG_COMPILER_GENERATE_SWIFT_ASSET_SYMBOL_EXTENSIONS = YES;
				CLANG_ANALYZER_NONNULL = YES;
				CLANG_ANALYZER_NUMBER_OBJECT_CONVERSION = YES_AGGRESSIVE;
				CLANG_CXX_LANGUAGE_STANDARD = "gnu++20";
				CLANG_ENABLE_MODULES = YES;
				CLANG_ENABLE_OBJC_ARC = YES;
				CLANG_ENABLE_OBJC_WEAK = YES;
				CLANG_WARN_BLOCK_CAPTURE_AUTORELEASING = YES;
				CLANG_WARN_BOOL_CONVERSION = YES;
				CLANG_WARN_COMMA = YES;
				CLANG_WARN_CONSTANT_CONVERSION = YES;
				CLANG_WARN_DEPRECATED_OBJC_IMPLEMENTATIONS = YES;
				CLANG_WARN_DIRECT_OBJC_ISA_USAGE = YES_ERROR;
				CLANG_WARN_DOCUMENTATION_COMMENTS = YES;
				CLANG_WARN_EMPTY_BODY = YES;
				CLANG_WARN_ENUM_CONVERSION = YES;
				CLANG_WARN_INFINITE_RECURSION = YES;
				CLANG_WARN_INT_CONVERSION = YES;
				CLANG_WARN_NON_LITERAL_NULL_CONVERSION = YES;
				CLANG_WARN_OBJC_IMPLICIT_RETAIN_SELF = YES;
				CLANG_WARN_OBJC_LITERAL_CONVERSION = YES;
				CLANG_WARN_OBJC_ROOT_CLASS = YES_ERROR;
				CLANG_WARN_QUOTED_INCLUDE_IN_FRAMEWORK_HEADER = YES;
				CLANG_WARN_RANGE_LOOP_ANALYSIS = YES;
				CLANG_WARN_STRICT_PROTOTYPES = YES;
				CLANG_WARN_SUSPICIOUS_MOVE = YES;
				CLANG_WARN_UNGUARDED_AVAILABILITY = YES_AGGRESSIVE;
				CLANG_WARN_UNREACHABLE_CODE = YES;
				CLANG_WARN__DUPLICATE_METHOD_MATCH = YES;
				COPY_PHASE_STRIP = NO;
				DEBUG_INFORMATION_FORMAT = dwarf;
				DEVELOPMENT_TEAM = 93FT2PT9NM;
				ENABLE_STRICT_OBJC_MSGSEND = YES;
				ENABLE_TESTABILITY = YES;
				ENABLE_USER_SCRIPT_SANDBOXING = YES;
				GCC_C_LANGUAGE_STANDARD = gnu17;
				GCC_DYNAMIC_NO_PIC = NO;
				GCC_NO_COMMON_BLOCKS = YES;
				GCC_OPTIMIZATION_LEVEL = 0;
				GCC_PREPROCESSOR_DEFINITIONS = (
					"DEBUG=1",
					"$(inherited)",
				);
				GCC_WARN_64_TO_32_BIT_CONVERSION = YES;
				GCC_WARN_ABOUT_RETURN_TYPE = YES_ERROR;
				GCC_WARN_UNDECLARED_SELECTOR = YES;
				GCC_WARN_UNINITIALIZED_AUTOS = YES_AGGRESSIVE;
				GCC_WARN_UNUSED_FUNCTION = YES;
				GCC_WARN_UNUSED_VARIABLE = YES;
				IPHONEOS_DEPLOYMENT_TARGET = 18.5;
				LOCALIZATION_PREFERS_STRING_CATALOGS = YES;
				MTL_ENABLE_DEBUG_INFO = INCLUDE_SOURCE;
				MTL_FAST_MATH = YES;
				ONLY_ACTIVE_ARCH = YES;
				SDKROOT = iphoneos;
				STRING_CATALOG_GENERATE_SYMBOLS = YES;
				SWIFT_ACTIVE_COMPILATION_CONDITIONS = "DEBUG $(inherited)";
				SWIFT_OPTIMIZATION_LEVEL = "-Onone";
			};
			name = Debug;
		};
		9B731C542E535C3300CE26F0 /* Release */ = {
			isa = XCBuildConfiguration;
			buildSettings = {
				ALWAYS_SEARCH_USER_PATHS = NO;
				ASSETCATALOG_COMPILER_GENERATE_SWIFT_ASSET_SYMBOL_EXTENSIONS = YES;
				CLANG_ANALYZER_NONNULL = YES;
				CLANG_ANALYZER_NUMBER_OBJECT_CONVERSION = YES_AGGRESSIVE;
				CLANG_CXX_LANGUAGE_STANDARD = "gnu++20";
				CLANG_ENABLE_MODULES = YES;
				CLANG_ENABLE_OBJC_ARC = YES;
				CLANG_ENABLE_OBJC_WEAK = YES;
				CLANG_WARN_BLOCK_CAPTURE_AUTORELEASING = YES;
				CLANG_WARN_BOOL_CONVERSION = YES;
				CLANG_WARN_COMMA = YES;
				CLANG_WARN_CONSTANT_CONVERSION = YES;
				CLANG_WARN_DEPRECATED_OBJC_IMPLEMENTATIONS = YES;
				CLANG_WARN_DIRECT_OBJC_ISA_USAGE = YES_ERROR;
				CLANG_WARN_DOCUMENTATION_COMMENTS = YES;
				CLANG_WARN_EMPTY_BODY = YES;
				CLANG_WARN_ENUM_CONVERSION = YES;
				CLANG_WARN_INFINITE_RECURSION = YES;
				CLANG_WARN_INT_CONVERSION = YES;
				CLANG_WARN_NON_LITERAL_NULL_CONVERSION = YES;
				CLANG_WARN_OBJC_IMPLICIT_RETAIN_SELF = YES;
				CLANG_WARN_OBJC_LITERAL_CONVERSION = YES;
				CLANG_WARN_OBJC_ROOT_CLASS = YES_ERROR;
				CLANG_WARN_QUOTED_INCLUDE_IN_FRAMEWORK_HEADER = YES;
				CLANG_WARN_RANGE_LOOP_ANALYSIS = YES;
				CLANG_WARN_STRICT_PROTOTYPES = YES;
				CLANG_WARN_SUSPICIOUS_MOVE = YES;
				CLANG_WARN_UNGUARDED_AVAILABILITY = YES_AGGRESSIVE;
				CLANG_WARN_UNREACHABLE_CODE = YES;
				CLANG_WARN__DUPLICATE_METHOD_MATCH = YES;
				COPY_PHASE_STRIP = NO;
				DEBUG_INFORMATION_FORMAT = "dwarf-with-dsym";
				DEVELOPMENT_TEAM = 93FT2PT9NM;
				ENABLE_NS_ASSERTIONS = NO;
				ENABLE_STRICT_OBJC_MSGSEND = YES;
				ENABLE_USER_SCRIPT_SANDBOXING = YES;
				GCC_C_LANGUAGE_STANDARD = gnu17;
				GCC_NO_COMMON_BLOCKS = YES;
				GCC_WARN_64_TO_32_BIT_CONVERSION = YES;
				GCC_WARN_ABOUT_RETURN_TYPE = YES_ERROR;
				GCC_WARN_UNDECLARED_SELECTOR = YES;
				GCC_WARN_UNINITIALIZED_AUTOS = YES_AGGRESSIVE;
				GCC_WARN_UNUSED_FUNCTION = YES;
				GCC_WARN_UNUSED_VARIABLE = YES;
				IPHONEOS_DEPLOYMENT_TARGET = 18.5;
				LOCALIZATION_PREFERS_STRING_CATALOGS = YES;
				MTL_ENABLE_DEBUG_INFO = NO;
				MTL_FAST_MATH = YES;
				SDKROOT = iphoneos;
				STRING_CATALOG_GENERATE_SYMBOLS = YES;
				SWIFT_COMPILATION_MODE = wholemodule;
				VALIDATE_PRODUCT = YES;
			};
			name = Release;
		};
		9B731C562E535C3300CE26F0 /* Debug */ = {
			isa = XCBuildConfiguration;
			buildSettings = {
				BUNDLE_LOADER = "$(TEST_HOST)";
				CODE_SIGN_STYLE = Automatic;
				CURRENT_PROJECT_VERSION = 1;
				DEVELOPMENT_TEAM = 93FT2PT9NM;
				GENERATE_INFOPLIST_FILE = YES;
				INFOPLIST_FILE = foragerTests/Info.plist;
				IPHONEOS_DEPLOYMENT_TARGET = 18.5;
				MARKETING_VERSION = 1.0;
				PRODUCT_BUNDLE_IDENTIFIER = com.richhayn.GroceryforagerTests;
				PRODUCT_NAME = "$(TARGET_NAME)";
				SWIFT_EMIT_LOC_STRINGS = NO;
				SWIFT_VERSION = 5.0;
				TARGETED_DEVICE_FAMILY = "1,2";
				TEST_HOST = "$(BUILT_PRODUCTS_DIR)/GroceryRecipeManager.app/$(BUNDLE_EXECUTABLE_FOLDER_PATH)/GroceryRecipeManager";
			};
			name = Debug;
		};
		9B731C572E535C3300CE26F0 /* Release */ = {
			isa = XCBuildConfiguration;
			buildSettings = {
				BUNDLE_LOADER = "$(TEST_HOST)";
				CODE_SIGN_STYLE = Automatic;
				CURRENT_PROJECT_VERSION = 1;
				DEVELOPMENT_TEAM = 93FT2PT9NM;
				GENERATE_INFOPLIST_FILE = YES;
				INFOPLIST_FILE = foragerTests/Info.plist;
				IPHONEOS_DEPLOYMENT_TARGET = 18.5;
				MARKETING_VERSION = 1.0;
				PRODUCT_BUNDLE_IDENTIFIER = com.richhayn.GroceryforagerTests;
				PRODUCT_NAME = "$(TARGET_NAME)";
				SWIFT_EMIT_LOC_STRINGS = NO;
				SWIFT_VERSION = 5.0;
				TARGETED_DEVICE_FAMILY = "1,2";
				TEST_HOST = "$(BUILT_PRODUCTS_DIR)/GroceryRecipeManager.app/$(BUNDLE_EXECUTABLE_FOLDER_PATH)/GroceryRecipeManager";
			};
			name = Release;
		};
		9B731C592E535C3300CE26F0 /* Debug */ = {
			isa = XCBuildConfiguration;
			buildSettings = {
				CODE_SIGN_STYLE = Automatic;
				CURRENT_PROJECT_VERSION = 1;
				DEVELOPMENT_TEAM = 93FT2PT9NM;
				GENERATE_INFOPLIST_FILE = YES;
				INFOPLIST_FILE = foragerUITests/Info.plist;
				MARKETING_VERSION = 1.0;
				PRODUCT_BUNDLE_IDENTIFIER = com.richhayn.foragerUITests;
				PRODUCT_NAME = "$(TARGET_NAME)";
				SWIFT_EMIT_LOC_STRINGS = NO;
				SWIFT_VERSION = 5.0;
				TARGETED_DEVICE_FAMILY = "1,2";
				TEST_TARGET_NAME = GroceryRecipeManager;
			};
			name = Debug;
		};
		9B731C5A2E535C3300CE26F0 /* Release */ = {
			isa = XCBuildConfiguration;
			buildSettings = {
				CODE_SIGN_STYLE = Automatic;
				CURRENT_PROJECT_VERSION = 1;
				DEVELOPMENT_TEAM = 93FT2PT9NM;
				GENERATE_INFOPLIST_FILE = YES;
				INFOPLIST_FILE = foragerUITests/Info.plist;
				MARKETING_VERSION = 1.0;
				PRODUCT_BUNDLE_IDENTIFIER = com.richhayn.foragerUITests;
				PRODUCT_NAME = "$(TARGET_NAME)";
				SWIFT_EMIT_LOC_STRINGS = NO;
				SWIFT_VERSION = 5.0;
				TARGETED_DEVICE_FAMILY = "1,2";
				TEST_TARGET_NAME = GroceryRecipeManager;
			};
			name = Release;
		};
/* End XCBuildConfiguration section */

/* Begin XCConfigurationList section */
		9B731C242E535C3100CE26F0 /* Build configuration list for PBXProject "forager" */ = {
			isa = XCConfigurationList;
			buildConfigurations = (
				9B731C532E535C3300CE26F0 /* Debug */,
				9B731C542E535C3300CE26F0 /* Release */,
			);
			defaultConfigurationIsVisible = 0;
			defaultConfigurationName = Release;
		};
		9B731C502E535C3300CE26F0 /* Build configuration list for PBXNativeTarget "forager" */ = {
			isa = XCConfigurationList;
			buildConfigurations = (
				9B731C512E535C3300CE26F0 /* Debug */,
				9B731C522E535C3300CE26F0 /* Release */,
			);
			defaultConfigurationIsVisible = 0;
			defaultConfigurationName = Release;
		};
		9B731C552E535C3300CE26F0 /* Build configuration list for PBXNativeTarget "foragerTests" */ = {
			isa = XCConfigurationList;
			buildConfigurations = (
				9B731C562E535C3300CE26F0 /* Debug */,
				9B731C572E535C3300CE26F0 /* Release */,
			);
			defaultConfigurationIsVisible = 0;
			defaultConfigurationName = Release;
		};
		9B731C582E535C3300CE26F0 /* Build configuration list for PBXNativeTarget "foragerUITests" */ = {
			isa = XCConfigurationList;
			buildConfigurations = (
				9B731C592E535C3300CE26F0 /* Debug */,
				9B731C5A2E535C3300CE26F0 /* Release */,
			);
			defaultConfigurationIsVisible = 0;
			defaultConfigurationName = Release;
		};
/* End XCConfigurationList section */

/* Begin XCVersionGroup section */
		9B05552E2EDB665C00A57B34 /* forager.xcdatamodeld */ = {
			isa = XCVersionGroup;
			children = (
				9B1B39632EF2FFD8001E1876 /* forager 2.xcdatamodel */,
				9B0555422EDB665C00A57B34 /* forager.xcdatamodel */,
			);
			currentVersion = 9B1B39632EF2FFD8001E1876 /* forager 2.xcdatamodel */;
			path = forager.xcdatamodeld;
			sourceTree = "<group>";
			versionGroupType = wrapper.xcdatamodel;
		};
/* End XCVersionGroup section */
	};
	rootObject = 9B731C212E535C3100CE26F0 /* Project object */;
}
